PODS:
  - PathKit (0.7.0)
  - StaticWebsiteGenerator (0.0.1-beta2):
    - PathKit (~> 0.6)
    - Stencil (~> 0.5)
  - Stencil (0.7.2):
    - PathKit (~> 0.7.0)

DEPENDENCIES:
  - StaticWebsiteGenerator (from `..`)

EXTERNAL SOURCES:
  StaticWebsiteGenerator:
    :path: ..

SPEC CHECKSUMS:
  PathKit: f8260c3e41bf4d552f3603853e32a5b325a176d4
  StaticWebsiteGenerator: 0a3052b9193393a09b539e354dbc29b78fc416eb
  Stencil: 7eeda74c79617b2802fd2f1267ac75e7d42fe925

PODFILE CHECKSUM: 14beee0816d2ee89b2ebaa6f0c1b0edc0e934004

COCOAPODS: 1.1.1
