PODS:
  - PathKit (0.6.0)
  - StaticWebsiteGenerator (0.0.1-beta1):
    - PathKit (~> 0.6)
    - Stencil (~> 0.5)
  - Stencil (0.5.3):
    - PathKit (~> 0.6.0)

DEPENDENCIES:
  - StaticWebsiteGenerator (~> 0.0.1-beta1)

SPEC CHECKSUMS:
  PathKit: b224b6d2c4e75b87f08f45e1c0c610a3195c94e5
  StaticWebsiteGenerator: 8d3ebd536adb6db6751fde2667323673fcf7f954
  Stencil: f557adc65f8352122824d63963ac77af384e4214

COCOAPODS: 0.39.0
