PODS:
  - PathKit (0.7.0)
  - StaticWebsiteGenerator (0.0.1-beta4):
    - PathKit (~> 0.7.0)
    - Stencil (~> 0.7.2)
  - Stencil (0.7.2):
    - PathKit (~> 0.7.0)

DEPENDENCIES:
  - StaticWebsiteGenerator (from `..`)

EXTERNAL SOURCES:
  StaticWebsiteGenerator:
    :path: ..

SPEC CHECKSUMS:
  PathKit: f8260c3e41bf4d552f3603853e32a5b325a176d4
  StaticWebsiteGenerator: 2e9d46f7fe016a2b6d355cdf5f1eeda481cf4efc
  Stencil: 7eeda74c79617b2802fd2f1267ac75e7d42fe925

PODFILE CHECKSUM: 14beee0816d2ee89b2ebaa6f0c1b0edc0e934004

COCOAPODS: 1.2.1
